# phorj.lock — generated by `phorj vendor`. Do not edit by hand.
# Each [[package]] pins a [require] dependency to a resolved commit + content hash.

[[package]]
name = "acme/strutil"
git = "https://github.com/phorj-lang/example-strutil.phg"
rev = "3bd6e8ea62f50f3aea9ba4033b1d49af0965ec3f"
hash = "f25c43369ccd293a"
